// !$*UTF8*$!
{
	archiveVersion = 1;
	classes = {
	};
	objectVersion = 50;
	objects = {

/* Begin PBXBuildFile section */
		ABDC974E2668C6AF00B54971 /* AppDelegate.m in Sources */ = {isa = PBXBuildFile; fileRef = ABDC974D2668C6AF00B54971 /* AppDelegate.m */; };
		ABDC97512668C6AF00B54971 /* SceneDelegate.m in Sources */ = {isa = PBXBuildFile; fileRef = ABDC97502668C6AF00B54971 /* SceneDelegate.m */; };
		ABDC97542668C6AF00B54971 /* ViewController.mm in Sources */ = {isa = PBXBuildFile; fileRef = ABDC97532668C6AF00B54971 /* ViewController.mm */; };
		ABDC97572668C6AF00B54971 /* Main.storyboard in Resources */ = {isa = PBXBuildFile; fileRef = ABDC97552668C6AF00B54971 /* Main.storyboard */; };
		ABDC97592668C6B300B54971 /* Assets.xcassets in Resources */ = {isa = PBXBuildFile; fileRef = ABDC97582668C6B300B54971 /* Assets.xcassets */; };
		ABDC975C2668C6B300B54971 /* LaunchScreen.storyboard in Resources */ = {isa = PBXBuildFile; fileRef = ABDC975A2668C6B300B54971 /* LaunchScreen.storyboard */; };
		ABDC975F2668C6B300B54971 /* main.m in Sources */ = {isa = PBXBuildFile; fileRef = ABDC975E2668C6B300B54971 /* main.m */; };
		ABDC97672668CF5D00B54971 /* Person.m in Sources */ = {isa = PBXBuildFile; fileRef = ABDC97662668CF5D00B54971 /* Person.m */; };
/* End PBXBuildFile section */

/* Begin PBXFileReference section */
		ABDC97492668C6AF00B54971 /* VMDemo.app */ = {isa = PBXFileReference; explicitFileType = wrapper.application; includeInIndex = 0; path = VMDemo.app; sourceTree = BUILT_PRODUCTS_DIR; };
		ABDC974C2668C6AF00B54971 /* AppDelegate.h */ = {isa = PBXFileReference; lastKnownFileType = sourcecode.c.h; path = AppDelegate.h; sourceTree = "<group>"; };
		ABDC974D2668C6AF00B54971 /* AppDelegate.m */ = {isa = PBXFileReference; lastKnownFileType = sourcecode.c.objc; path = AppDelegate.m; sourceTree = "<group>"; };
		ABDC974F2668C6AF00B54971 /* SceneDelegate.h */ = {isa = PBXFileReference; lastKnownFileType = sourcecode.c.h; path = SceneDelegate.h; sourceTree = "<group>"; };
		ABDC97502668C6AF00B54971 /* SceneDelegate.m */ = {isa = PBXFileReference; lastKnownFileType = sourcecode.c.objc; path = SceneDelegate.m; sourceTree = "<group>"; };
		ABDC97522668C6AF00B54971 /* ViewController.h */ = {isa = PBXFileReference; lastKnownFileType = sourcecode.c.h; path = ViewController.h; sourceTree = "<group>"; };
		ABDC97532668C6AF00B54971 /* ViewController.mm */ = {isa = PBXFileReference; lastKnownFileType = sourcecode.cpp.objcpp; path = ViewController.mm; sourceTree = "<group>"; };
		ABDC97562668C6AF00B54971 /* Base */ = {isa = PBXFileReference; lastKnownFileType = file.storyboard; name = Base; path = Base.lproj/Main.storyboard; sourceTree = "<group>"; };
		ABDC97582668C6B300B54971 /* Assets.xcassets */ = {isa = PBXFileReference; lastKnownFileType = folder.assetcatalog; path = Assets.xcassets; sourceTree = "<group>"; };
		ABDC975B2668C6B300B54971 /* Base */ = {isa = PBXFileReference; lastKnownFileType = file.storyboard; name = Base; path = Base.lproj/LaunchScreen.storyboard; sourceTree = "<group>"; };
		ABDC975D2668C6B300B54971 /* Info.plist */ = {isa = PBXFileReference; lastKnownFileType = text.plist.xml; path = Info.plist; sourceTree = "<group>"; };
		ABDC975E2668C6B300B54971 /* main.m */ = {isa = PBXFileReference; lastKnownFileType = sourcecode.c.objc; path = main.m; sourceTree = "<group>"; };
		ABDC97652668CF5D00B54971 /* Person.h */ = {isa = PBXFileReference; lastKnownFileType = sourcecode.c.h; path = Person.h; sourceTree = "<group>"; };
		ABDC97662668CF5D00B54971 /* Person.m */ = {isa = PBXFileReference; lastKnownFileType = sourcecode.c.objc; path = Person.m; sourceTree = "<group>"; };
/* End PBXFileReference section */

/* Begin PBXFrameworksBuildPhase section */
		ABDC97462668C6AF00B54971 /* Frameworks */ = {
			isa = PBXFrameworksBuildPhase;
			buildActionMask = 2147483647;
			files = (
			);
			runOnlyForDeploymentPostprocessing = 0;
		};
/* End PBXFrameworksBuildPhase section */

/* Begin PBXGroup section */
		ABDC97402668C6AF00B54971 = {
			isa = PBXGroup;
			children = (
				ABDC974B2668C6AF00B54971 /* VMDemo */,
				ABDC974A2668C6AF00B54971 /* Products */,
			);
			sourceTree = "<group>";
		};
		ABDC974A2668C6AF00B54971 /* Products */ = {
			isa = PBXGroup;
			children = (
				ABDC97492668C6AF00B54971 /* VMDemo.app */,
			);
			name = Products;
			sourceTree = "<group>";
		};
		ABDC974B2668C6AF00B54971 /* VMDemo */ = {
			isa = PBXGroup;
			children = (
				ABDC974C2668C6AF00B54971 /* AppDelegate.h */,
				ABDC974D2668C6AF00B54971 /* AppDelegate.m */,
				ABDC974F2668C6AF00B54971 /* SceneDelegate.h */,
				ABDC97502668C6AF00B54971 /* SceneDelegate.m */,
				ABDC97522668C6AF00B54971 /* ViewController.h */,
				ABDC97532668C6AF00B54971 /* ViewController.mm */,
				ABDC97652668CF5D00B54971 /* Person.h */,
				ABDC97662668CF5D00B54971 /* Person.m */,
				ABDC97552668C6AF00B54971 /* Main.storyboard */,
				ABDC97582668C6B300B54971 /* Assets.xcassets */,
				ABDC975A2668C6B300B54971 /* LaunchScreen.storyboard */,
				ABDC975D2668C6B300B54971 /* Info.plist */,
				ABDC975E2668C6B300B54971 /* main.m */,
			);
			path = VMDemo;
			sourceTree = "<group>";
		};
/* End PBXGroup section */

/* Begin PBXNativeTarget section */
		ABDC97482668C6AF00B54971 /* VMDemo */ = {
			isa = PBXNativeTarget;
			buildConfigurationList = ABDC97622668C6B300B54971 /* Build configuration list for PBXNativeTarget "VMDemo" */;
			buildPhases = (
				ABDC97452668C6AF00B54971 /* Sources */,
				ABDC97462668C6AF00B54971 /* Frameworks */,
				ABDC97472668C6AF00B54971 /* Resources */,
			);
			buildRules = (
			);
			dependencies = (
			);
			name = VMDemo;
			productName = VMDemo;
			productReference = ABDC97492668C6AF00B54971 /* VMDemo.app */;
			productType = "com.apple.product-type.application";
		};
/* End PBXNativeTarget section */

/* Begin PBXProject section */
		ABDC97412668C6AF00B54971 /* Project object */ = {
			isa = PBXProject;
			attributes = {
				LastUpgradeCheck = 1250;
				TargetAttributes = {
					ABDC97482668C6AF00B54971 = {
						CreatedOnToolsVersion = 12.5;
					};
				};
			};
			buildConfigurationList = ABDC97442668C6AF00B54971 /* Build configuration list for PBXProject "VMDemo" */;
			compatibilityVersion = "Xcode 9.3";
			developmentRegion = en;
			hasScannedForEncodings = 0;
			knownRegions = (
				en,
				Base,
			);
			mainGroup = ABDC97402668C6AF00B54971;
			productRefGroup = ABDC974A2668C6AF00B54971 /* Products */;
			projectDirPath = "";
			projectRoot = "";
			targets = (
				ABDC97482668C6AF00B54971 /* VMDemo */,
			);
		};
/* End PBXProject section */

/* Begin PBXResourcesBuildPhase section */
		ABDC97472668C6AF00B54971 /* Resources */ = {
			isa = PBXResourcesBuildPhase;
			buildActionMask = 2147483647;
			files = (
				ABDC975C2668C6B300B54971 /* LaunchScreen.storyboard in Resources */,
				ABDC97592668C6B300B54971 /* Assets.xcassets in Resources */,
				ABDC97572668C6AF00B54971 /* Main.storyboard in Resources */,
			);
			runOnlyForDeploymentPostprocessing = 0;
		};
/* End PBXResourcesBuildPhase section */

/* Begin PBXSourcesBuildPhase section */
		ABDC97452668C6AF00B54971 /* Sources */ = {
			isa = PBXSourcesBuildPhase;
			buildActionMask = 2147483647;
			files = (
				ABDC97542668C6AF00B54971 /* ViewController.mm in Sources */,
				ABDC974E2668C6AF00B54971 /* AppDelegate.m in Sources */,
				ABDC97672668CF5D00B54971 /* Person.m in Sources */,
				ABDC975F2668C6B300B54971 /* main.m in Sources */,
				ABDC97512668C6AF00B54971 /* SceneDelegate.m in Sources */,
			);
			runOnlyForDeploymentPostprocessing = 0;
		};
/* End PBXSourcesBuildPhase section */

/* Begin PBXVariantGroup section */
		ABDC97552668C6AF00B54971 /* Main.storyboard */ = {
			isa = PBXVariantGroup;
			children = (
				ABDC97562668C6AF00B54971 /* Base */,
			);
			name = Main.storyboard;
			sourceTree = "<group>";
		};
		ABDC975A2668C6B300B54971 /* LaunchScreen.storyboard */ = {
			isa = PBXVariantGroup;
			children = (
				ABDC975B2668C6B300B54971 /* Base */,
			);
			name = LaunchScreen.storyboard;
			sourceTree = "<group>";
		};
/* End PBXVariantGroup section */

/* Begin XCBuildConfiguration section */
		ABDC97602668C6B300B54971 /* Debug */ = {
			isa = XCBuildConfiguration;
			buildSettings = {
				ALWAYS_SEARCH_USER_PATHS = NO;
				CLANG_ANALYZER_NONNULL = YES;
				CLANG_ANALYZER_NUMBER_OBJECT_CONVERSION = YES_AGGRESSIVE;
				CLANG_CXX_LANGUAGE_STANDARD = "gnu++14";
				CLANG_CXX_LIBRARY = "libc++";
				CLANG_ENABLE_MODULES = YES;
				CLANG_ENABLE_OBJC_ARC = YES;
				CLANG_ENABLE_OBJC_WEAK = YES;
				CLANG_WARN_BLOCK_CAPTURE_AUTORELEASING = YES;
				CLANG_WARN_BOOL_CONVERSION = YES;
				CLANG_WARN_COMMA = YES;
				CLANG_WARN_CONSTANT_CONVERSION = YES;
				CLANG_WARN_DEPRECATED_OBJC_IMPLEMENTATIONS = YES;
				CLANG_WARN_DIRECT_OBJC_ISA_USAGE = YES_ERROR;
				CLANG_WARN_DOCUMENTATION_COMMENTS = YES;
				CLANG_WARN_EMPTY_BODY = YES;
				CLANG_WARN_ENUM_CONVERSION = YES;
				CLANG_WARN_INFINITE_RECURSION = YES;
				CLANG_WARN_INT_CONVERSION = YES;
				CLANG_WARN_NON_LITERAL_NULL_CONVERSION = YES;
				CLANG_WARN_OBJC_IMPLICIT_RETAIN_SELF = YES;
				CLANG_WARN_OBJC_LITERAL_CONVERSION = YES;
				CLANG_WARN_OBJC_ROOT_CLASS = YES_ERROR;
				CLANG_WARN_QUOTED_INCLUDE_IN_FRAMEWORK_HEADER = YES;
				CLANG_WARN_RANGE_LOOP_ANALYSIS = YES;
				CLANG_WARN_STRICT_PROTOTYPES = YES;
				CLANG_WARN_SUSPICIOUS_MOVE = YES;
				CLANG_WARN_UNGUARDED_AVAILABILITY = YES_AGGRESSIVE;
				CLANG_WARN_UNREACHABLE_CODE = YES;
				CLANG_WARN__DUPLICATE_METHOD_MATCH = YES;
				COPY_PHASE_STRIP = NO;
				DEBUG_INFORMATION_FORMAT = dwarf;
				ENABLE_STRICT_OBJC_MSGSEND = YES;
				ENABLE_TESTABILITY = YES;
				GCC_C_LANGUAGE_STANDARD = gnu11;
				GCC_DYNAMIC_NO_PIC = NO;
				GCC_NO_COMMON_BLOCKS = YES;
				GCC_OPTIMIZATION_LEVEL = 0;
				GCC_PREPROCESSOR_DEFINITIONS = (
					"DEBUG=1",
					"$(inherited)",
				);
				GCC_WARN_64_TO_32_BIT_CONVERSION = YES;
				GCC_WARN_ABOUT_RETURN_TYPE = YES_ERROR;
				GCC_WARN_UNDECLARED_SELECTOR = YES;
				GCC_WARN_UNINITIALIZED_AUTOS = YES_AGGRESSIVE;
				GCC_WARN_UNUSED_FUNCTION = YES;
				GCC_WARN_UNUSED_VARIABLE = YES;
				IPHONEOS_DEPLOYMENT_TARGET = 14.5;
				MTL_ENABLE_DEBUG_INFO = INCLUDE_SOURCE;
				MTL_FAST_MATH = YES;
				ONLY_ACTIVE_ARCH = YES;
				SDKROOT = iphoneos;
			};
			name = Debug;
		};
		ABDC97612668C6B300B54971 /* Release */ = {
			isa = XCBuildConfiguration;
			buildSettings = {
				ALWAYS_SEARCH_USER_PATHS = NO;
				CLANG_ANALYZER_NONNULL = YES;
				CLANG_ANALYZER_NUMBER_OBJECT_CONVERSION = YES_AGGRESSIVE;
				CLANG_CXX_LANGUAGE_STANDARD = "gnu++14";
				CLANG_CXX_LIBRARY = "libc++";
				CLANG_ENABLE_MODULES = YES;
				CLANG_ENABLE_OBJC_ARC = YES;
				CLANG_ENABLE_OBJC_WEAK = YES;
				CLANG_WARN_BLOCK_CAPTURE_AUTORELEASING = YES;
				CLANG_WARN_BOOL_CONVERSION = YES;
				CLANG_WARN_COMMA = YES;
				CLANG_WARN_CONSTANT_CONVERSION = YES;
				CLANG_WARN_DEPRECATED_OBJC_IMPLEMENTATIONS = YES;
				CLANG_WARN_DIRECT_OBJC_ISA_USAGE = YES_ERROR;
				CLANG_WARN_DOCUMENTATION_COMMENTS = YES;
				CLANG_WARN_EMPTY_BODY = YES;
				CLANG_WARN_ENUM_CONVERSION = YES;
				CLANG_WARN_INFINITE_RECURSION = YES;
				CLANG_WARN_INT_CONVERSION = YES;
				CLANG_WARN_NON_LITERAL_NULL_CONVERSION = YES;
				CLANG_WARN_OBJC_IMPLICIT_RETAIN_SELF = YES;
				CLANG_WARN_OBJC_LITERAL_CONVERSION = YES;
				CLANG_WARN_OBJC_ROOT_CLASS = YES_ERROR;
				CLANG_WARN_QUOTED_INCLUDE_IN_FRAMEWORK_HEADER = YES;
				CLANG_WARN_RANGE_LOOP_ANALYSIS = YES;
				CLANG_WARN_STRICT_PROTOTYPES = YES;
				CLANG_WARN_SUSPICIOUS_MOVE = YES;
				CLANG_WARN_UNGUARDED_AVAILABILITY = YES_AGGRESSIVE;
				CLANG_WARN_UNREACHABLE_CODE = YES;
				CLANG_WARN__DUPLICATE_METHOD_MATCH = YES;
				COPY_PHASE_STRIP = NO;
				DEBUG_INFORMATION_FORMAT = "dwarf-with-dsym";
				ENABLE_NS_ASSERTIONS = NO;
				ENABLE_STRICT_OBJC_MSGSEND = YES;
				GCC_C_LANGUAGE_STANDARD = gnu11;
				GCC_NO_COMMON_BLOCKS = YES;
				GCC_WARN_64_TO_32_BIT_CONVERSION = YES;
				GCC_WARN_ABOUT_RETURN_TYPE = YES_ERROR;
				GCC_WARN_UNDECLARED_SELECTOR = YES;
				GCC_WARN_UNINITIALIZED_AUTOS = YES_AGGRESSIVE;
				GCC_WARN_UNUSED_FUNCTION = YES;
				GCC_WARN_UNUSED_VARIABLE = YES;
				IPHONEOS_DEPLOYMENT_TARGET = 14.5;
				MTL_ENABLE_DEBUG_INFO = NO;
				MTL_FAST_MATH = YES;
				SDKROOT = iphoneos;
				VALIDATE_PRODUCT = YES;
			};
			name = Release;
		};
		ABDC97632668C6B300B54971 /* Debug */ = {
			isa = XCBuildConfiguration;
			buildSettings = {
				ASSETCATALOG_COMPILER_APPICON_NAME = AppIcon;
				ASSETCATALOG_COMPILER_GLOBAL_ACCENT_COLOR_NAME = AccentColor;
				CODE_SIGN_STYLE = Automatic;
				DEVELOPMENT_TEAM = 2LF694Y87U;
				INFOPLIST_FILE = VMDemo/Info.plist;
				IPHONEOS_DEPLOYMENT_TARGET = 13.0;
				LD_RUNPATH_SEARCH_PATHS = (
					"$(inherited)",
					"@executable_path/Frameworks",
				);
				PRODUCT_BUNDLE_IDENTIFIER = com.ziyingtech.VMDemo;
				PRODUCT_NAME = "$(TARGET_NAME)";
				TARGETED_DEVICE_FAMILY = "1,2";
			};
			name = Debug;
		};
		ABDC97642668C6B300B54971 /* Release */ = {
			isa = XCBuildConfiguration;
			buildSettings = {
				ASSETCATALOG_COMPILER_APPICON_NAME = AppIcon;
				ASSETCATALOG_COMPILER_GLOBAL_ACCENT_COLOR_NAME = AccentColor;
				CODE_SIGN_STYLE = Automatic;
				DEVELOPMENT_TEAM = 2LF694Y87U;
				INFOPLIST_FILE = VMDemo/Info.plist;
				IPHONEOS_DEPLOYMENT_TARGET = 13.0;
				LD_RUNPATH_SEARCH_PATHS = (
					"$(inherited)",
					"@executable_path/Frameworks",
				);
				PRODUCT_BUNDLE_IDENTIFIER = com.ziyingtech.VMDemo;
				PRODUCT_NAME = "$(TARGET_NAME)";
				TARGETED_DEVICE_FAMILY = "1,2";
			};
			name = Release;
		};
/* End XCBuildConfiguration section */

/* Begin XCConfigurationList section */
		ABDC97442668C6AF00B54971 /* Build configuration list for PBXProject "VMDemo" */ = {
			isa = XCConfigurationList;
			buildConfigurations = (
				ABDC97602668C6B300B54971 /* Debug */,
				ABDC97612668C6B300B54971 /* Release */,
			);
			defaultConfigurationIsVisible = 0;
			defaultConfigurationName = Release;
		};
		ABDC97622668C6B300B54971 /* Build configuration list for PBXNativeTarget "VMDemo" */ = {
			isa = XCConfigurationList;
			buildConfigurations = (
				ABDC97632668C6B300B54971 /* Debug */,
				ABDC97642668C6B300B54971 /* Release */,
			);
			defaultConfigurationIsVisible = 0;
			defaultConfigurationName = Release;
		};
/* End XCConfigurationList section */
	};
	rootObject = ABDC97412668C6AF00B54971 /* Project object */;
}
